
Microsoft Visual Studio Solution File, Format Version 12.00
# Visual Studio Version 17
VisualStudioVersion = 17.0.31912.275
MinimumVisualStudioVersion = 10.0.40219.1
Project("{9A19103F-16F7-4668-BE54-9A1E7A4F7556}") = "MultiUrlPickerWithSettings", "src\MultiUrlPickerWithSettings\MultiUrlPickerWithSettings.csproj", "{D7F3A0F7-48B1-4DB8-A11E-F4AE5B5C1EE4}"
EndProject
Project("{9A19103F-16F7-4668-BE54-9A1E7A4F7556}") = "MultiUrlPickerWithSettings.Web", "src\MultiUrlPickerWithSettings.Web\MultiUrlPickerWithSettings.Web.csproj", "{39BBF898-9C60-4803-AE86-924647055F69}"
EndProject
Project("{9A19103F-16F7-4668-BE54-9A1E7A4F7556}") = "_build", "build\_build.csproj", "{E68DC8DE-7217-420C-AEAF-D2AE704C7B71}"
EndProject
Project("{2150E333-8FDC-42A3-9474-1A3956D46DE8}") = "01 - Libs", "01 - Libs", "{F35DFCBB-D1DC-48B0-A891-711EFA5722D6}"
EndProject
Project("{2150E333-8FDC-42A3-9474-1A3956D46DE8}") = "00 - Solution Items", "00 - Solution Items", "{DD679AD1-2276-4B49-A7E5-1047F27AD43C}"
	ProjectSection(SolutionItems) = preProject
		.gitattributes = .gitattributes
		.gitignore = .gitignore
		azure-pipelines.yml = azure-pipelines.yml
		version.json = version.json
	EndProjectSection
EndProject
Global
	GlobalSection(SolutionConfigurationPlatforms) = preSolution
		Debug|Any CPU = Debug|Any CPU
		Release|Any CPU = Release|Any CPU
	EndGlobalSection
	GlobalSection(ProjectConfigurationPlatforms) = postSolution
		{D7F3A0F7-48B1-4DB8-A11E-F4AE5B5C1EE4}.Debug|Any CPU.ActiveCfg = Debug|Any CPU
		{D7F3A0F7-48B1-4DB8-A11E-F4AE5B5C1EE4}.Debug|Any CPU.Build.0 = Debug|Any CPU
		{D7F3A0F7-48B1-4DB8-A11E-F4AE5B5C1EE4}.Release|Any CPU.ActiveCfg = Release|Any CPU
		{D7F3A0F7-48B1-4DB8-A11E-F4AE5B5C1EE4}.Release|Any CPU.Build.0 = Release|Any CPU
		{39BBF898-9C60-4803-AE86-924647055F69}.Debug|Any CPU.ActiveCfg = Debug|Any CPU
		{39BBF898-9C60-4803-AE86-924647055F69}.Debug|Any CPU.Build.0 = Debug|Any CPU
		{39BBF898-9C60-4803-AE86-924647055F69}.Release|Any CPU.ActiveCfg = Release|Any CPU
		{39BBF898-9C60-4803-AE86-924647055F69}.Release|Any CPU.Build.0 = Release|Any CPU
		{E68DC8DE-7217-420C-AEAF-D2AE704C7B71}.Debug|Any CPU.ActiveCfg = Debug|Any CPU
		{E68DC8DE-7217-420C-AEAF-D2AE704C7B71}.Release|Any CPU.ActiveCfg = Release|Any CPU
	EndGlobalSection
	GlobalSection(SolutionProperties) = preSolution
		HideSolutionNode = FALSE
	EndGlobalSection
	GlobalSection(NestedProjects) = preSolution
		{D7F3A0F7-48B1-4DB8-A11E-F4AE5B5C1EE4} = {F35DFCBB-D1DC-48B0-A891-711EFA5722D6}
		{39BBF898-9C60-4803-AE86-924647055F69} = {F35DFCBB-D1DC-48B0-A891-711EFA5722D6}
	EndGlobalSection
	GlobalSection(ExtensibilityGlobals) = postSolution
		SolutionGuid = {5C012771-F841-49EB-92B4-E12709040372}
	EndGlobalSection
EndGlobal
